
Microsoft Visual Studio Solution File, Format Version 12.00
# Visual Studio Version 17
VisualStudioVersion = 17.2.32505.173
MinimumVisualStudioVersion = 10.0.40219.1
Project("{FAE04EC0-301F-11D3-BF4B-00C04F79EFBC}") = "BoardgameFramework FINAL", "BoardgameFramework FINAL\BoardgameFramework FINAL.csproj", "{25F7E88F-EB87-45F4-9896-6DE024453130}"
EndProject
Global
	GlobalSection(SolutionConfigurationPlatforms) = preSolution
		Debug|Any CPU = Debug|Any CPU
		Release|Any CPU = Release|Any CPU
	EndGlobalSection
	GlobalSection(ProjectConfigurationPlatforms) = postSolution
		{25F7E88F-EB87-45F4-9896-6DE024453130}.Debug|Any CPU.ActiveCfg = Debug|Any CPU
		{25F7E88F-EB87-45F4-9896-6DE024453130}.Debug|Any CPU.Build.0 = Debug|Any CPU
		{25F7E88F-EB87-45F4-9896-6DE024453130}.Release|Any CPU.ActiveCfg = Release|Any CPU
		{25F7E88F-EB87-45F4-9896-6DE024453130}.Release|Any CPU.Build.0 = Release|Any CPU
	EndGlobalSection
	GlobalSection(SolutionProperties) = preSolution
		HideSolutionNode = FALSE
	EndGlobalSection
	GlobalSection(ExtensibilityGlobals) = postSolution
		SolutionGuid = {37E90E27-B42D-413B-9355-AE4956AF562C}
	EndGlobalSection
EndGlobal
